
Microsoft Visual Studio Solution File, Format Version 12.00
# Visual Studio Version 16
VisualStudioVersion = 16.0.31105.61
MinimumVisualStudioVersion = 10.0.40219.1
Project("{FAE04EC0-301F-11D3-BF4B-00C04F79EFBC}") = "CSharpPractise", "CSharpPractise\CSharpPractise.csproj", "{1BF2C0A6-3569-4CD2-B45A-69D4487CD3D2}"
EndProject
Project("{FAE04EC0-301F-11D3-BF4B-00C04F79EFBC}") = "CSharpPractise.Web", "CSharpPractise.Web\CSharpPractise.Web.csproj", "{27AD55B7-627A-4E95-902E-353FBB557D0A}"
EndProject
Global
	GlobalSection(SolutionConfigurationPlatforms) = preSolution
		Debug|Any CPU = Debug|Any CPU
		Release|Any CPU = Release|Any CPU
	EndGlobalSection
	GlobalSection(ProjectConfigurationPlatforms) = postSolution
		{1BF2C0A6-3569-4CD2-B45A-69D4487CD3D2}.Debug|Any CPU.ActiveCfg = Debug|Any CPU
		{1BF2C0A6-3569-4CD2-B45A-69D4487CD3D2}.Debug|Any CPU.Build.0 = Debug|Any CPU
		{1BF2C0A6-3569-4CD2-B45A-69D4487CD3D2}.Release|Any CPU.ActiveCfg = Release|Any CPU
		{1BF2C0A6-3569-4CD2-B45A-69D4487CD3D2}.Release|Any CPU.Build.0 = Release|Any CPU
		{27AD55B7-627A-4E95-902E-353FBB557D0A}.Debug|Any CPU.ActiveCfg = Debug|Any CPU
		{27AD55B7-627A-4E95-902E-353FBB557D0A}.Debug|Any CPU.Build.0 = Debug|Any CPU
		{27AD55B7-627A-4E95-902E-353FBB557D0A}.Release|Any CPU.ActiveCfg = Release|Any CPU
		{27AD55B7-627A-4E95-902E-353FBB557D0A}.Release|Any CPU.Build.0 = Release|Any CPU
	EndGlobalSection
	GlobalSection(SolutionProperties) = preSolution
		HideSolutionNode = FALSE
	EndGlobalSection
	GlobalSection(ExtensibilityGlobals) = postSolution
		SolutionGuid = {DC539D5A-9554-4C92-A453-29B7CE8AF9DF}
	EndGlobalSection
EndGlobal
